{
  "name": "tish-playground",
  "lockfileVersion": 3,
  "requires": true,
  "packages": {
    "": {
      "name": "tish-playground",
      "dependencies": {
        "@tishlang/lattish": "latest",
        "@tishlang/tish": "^1.12.0",
        "@tishlang/tish-ide-panels": "latest"
      }
    },
    "../../lattish": {
      "version": "0.1.0",
      "extraneous": true
    },
    "../lattish": {
      "name": "@tishlang/lattish",
      "version": "0.1.1",
      "extraneous": true,
      "license": "PIF",
      "devDependencies": {
        "@semantic-release/commit-analyzer": "^13.0.1",
        "@semantic-release/github": "^12.0.6",
        "@semantic-release/npm": "^13.1.5",
        "@semantic-release/release-notes-generator": "^14.1.0",
        "@tishlang/tish": "^1.12.0",
        "jsdom": "^25.0.0",
        "semantic-release": "^25.0.3"
      }
    },
    "../tish-ide-panels": {
      "name": "@tishlang/tish-ide-panels",
      "version": "0.2.0",
      "extraneous": true,
      "license": "PIF",
      "devDependencies": {
        "@semantic-release/commit-analyzer": "^13.0.1",
        "@semantic-release/github": "^12.0.6",
        "@semantic-release/npm": "^13.1.5",
        "@semantic-release/release-notes-generator": "^14.1.0",
        "@tishlang/lattish": "latest",
        "@tishlang/tish": "^1.12.0",
        "jsdom": "^29.1.1",
        "semantic-release": "^25.0.3"
      },
      "peerDependencies": {
        "@tishlang/lattish": "*"
      },
      "peerDependenciesMeta": {
        "@tishlang/tish-tailwind": {
          "optional": true
        }
      }
    },
    "node_modules/@tishlang/lattish": {
      "version": "1.2.0",
      "resolved": "https://registry.npmjs.org/@tishlang/lattish/-/lattish-1.2.0.tgz",
      "integrity": "sha512-2JLypVe+OZZD+At8EkXIy9kN3SURY78LvvX5dBpki09h/hwYp9nFDnKLjOnVogVltoA1iovXhgwCyxZsNbvXOQ==",
      "license": "PIF"
    },
    "node_modules/@tishlang/tish": {
      "version": "1.12.0",
      "resolved": "https://registry.npmjs.org/@tishlang/tish/-/tish-1.12.0.tgz",
      "integrity": "sha512-FiQ3gjGrW1n6chs+D+XsEoMqVW/fylOTtOBwAuK8CHo7waO62XkAfN1xmwqRSteQWVxebl2guzJWoUP7ovA4xw==",
      "hasInstallScript": true,
      "license": "PIF",
      "bin": {
        "tish": "bin/tish"
      },
      "engines": {
        "node": ">=22"
      }
    },
    "node_modules/@tishlang/tish-ide-panels": {
      "version": "1.1.0",
      "resolved": "https://registry.npmjs.org/@tishlang/tish-ide-panels/-/tish-ide-panels-1.1.0.tgz",
      "integrity": "sha512-XVT2zMUI7aVnxOYlqNkLwhMz4evmAgzcMjnp9fbDZF2/Flqm3fKmqj8LrBpVfSZ02glJBxySjwryoyVmR3R/UA==",
      "license": "PIF",
      "peerDependencies": {
        "@tishlang/lattish": "*"
      },
      "peerDependenciesMeta": {
        "@tishlang/tish-tailwind": {
          "optional": true
        }
      }
    }
  }
}
