{
  "name": "tish-playground",
  "lockfileVersion": 3,
  "requires": true,
  "packages": {
    "": {
      "name": "tish-playground",
      "dependencies": {
        "@tishlang/tish": "^1.0.26",
        "lattish": "^1.0.6"
      }
    },
    "../../lattish": {
      "version": "0.1.0",
      "extraneous": true
    },
    "node_modules/@tishlang/tish": {
      "version": "1.0.26",
      "resolved": "https://registry.npmjs.org/@tishlang/tish/-/tish-1.0.26.tgz",
      "integrity": "sha512-XRc3nj01gOR03h9Pw5Qab/PliL4AHkd2NCtaha1weI0so/i8VeI6gbcynp8yo+1zJuj8D94bUgQNC+oQnRey6w==",
      "license": "SEE LICENSE IN LICENSE",
      "bin": {
        "tish": "bin/tish.js"
      },
      "engines": {
        "node": ">=22"
      }
    },
    "node_modules/lattish": {
      "version": "1.0.6",
      "resolved": "https://registry.npmjs.org/lattish/-/lattish-1.0.6.tgz",
      "integrity": "sha512-AwnwIhfhsjs6dytRh9SpWbvVtI5focQBoU6BvXHJij5XzleE6jHLXMJSwkcbnS40X88CjO29OPIWOOfCwX/SKw==",
      "license": "PIF"
    }
  }
}
